{
  "name": "sqa-nhom9-unittest",
  "version": "1.0.0",
  "lockfileVersion": 3,
  "requires": true,
  "packages": {
    "": {
      "name": "sqa-nhom9-unittest",
      "version": "1.0.0",
      "devDependencies": {
        "@types/jest": "^29.5.12",
        "@types/node": "^20.0.0",
        "jest": "^29.7.0",
        "jest-html-reporters": "^3.1.7",
        "ts-jest": "^29.2.0",
        "typescript": "^5.4.0"
      }
    }
  }
}
